
Microsoft Visual Studio Solution File, Format Version 12.00
# Visual Studio Version 17
VisualStudioVersion = 17.4.33103.184
MinimumVisualStudioVersion = 10.0.40219.1
Project("{9A19103F-16F7-4668-BE54-9A1E7A4F7556}") = "PetClean", "PetClean\PetClean.csproj", "{77895250-FFBE-4931-AA6C-761E7BC070B0}"
EndProject
Project("{9A19103F-16F7-4668-BE54-9A1E7A4F7556}") = "Escola", "..\..\RelacionamentoPF-main\RelacionamentoPF-main\Escola\Escola.csproj", "{0F991A5D-B86D-4B19-84D4-0C5810C5A54B}"
EndProject
Global
	GlobalSection(SolutionConfigurationPlatforms) = preSolution
		Debug|Any CPU = Debug|Any CPU
		Release|Any CPU = Release|Any CPU
	EndGlobalSection
	GlobalSection(ProjectConfigurationPlatforms) = postSolution
		{77895250-FFBE-4931-AA6C-761E7BC070B0}.Debug|Any CPU.ActiveCfg = Debug|Any CPU
		{77895250-FFBE-4931-AA6C-761E7BC070B0}.Debug|Any CPU.Build.0 = Debug|Any CPU
		{77895250-FFBE-4931-AA6C-761E7BC070B0}.Release|Any CPU.ActiveCfg = Release|Any CPU
		{77895250-FFBE-4931-AA6C-761E7BC070B0}.Release|Any CPU.Build.0 = Release|Any CPU
		{0F991A5D-B86D-4B19-84D4-0C5810C5A54B}.Debug|Any CPU.ActiveCfg = Debug|Any CPU
		{0F991A5D-B86D-4B19-84D4-0C5810C5A54B}.Debug|Any CPU.Build.0 = Debug|Any CPU
		{0F991A5D-B86D-4B19-84D4-0C5810C5A54B}.Release|Any CPU.ActiveCfg = Release|Any CPU
		{0F991A5D-B86D-4B19-84D4-0C5810C5A54B}.Release|Any CPU.Build.0 = Release|Any CPU
	EndGlobalSection
	GlobalSection(SolutionProperties) = preSolution
		HideSolutionNode = FALSE
	EndGlobalSection
	GlobalSection(ExtensibilityGlobals) = postSolution
		SolutionGuid = {EAE3144D-0E75-45B6-A125-2ECA18F66C41}
	EndGlobalSection
EndGlobal
